{
  "originHash" : "c4b693552028f1bab371b424e67e8a262fa031ee4386a0c5c965ee88091dd4eb",
  "pins" : [
    {
      "identity" : "sfsymbols",
      "kind" : "remoteSourceControl",
      "location" : "https://github.com/Rspoon3/SFSymbols.git",
      "state" : {
        "revision" : "131fb43a7d756259706abc73186ca45eca6ce21a",
        "version" : "2.5.0"
      }
    }
  ],
  "version" : 3
}
